<?xml version="1.0" encoding="utf-8"?>
<Project ToolsVersion="4.0" xmlns="http://schemas.microsoft.com/developer/msbuild/2003">
  <ItemGroup>
    <Filter Include="Base,Set">
      <UniqueIdentifier>{d18269b1-9b07-459d-9169-7ffc6927ab7d}</UniqueIdentifier>
    </Filter>
    <Filter Include="main">
      <UniqueIdentifier>{c5f50d1d-a547-4d2c-a53e-c55f524c13fa}</UniqueIdentifier>
    </Filter>
    <Filter Include="main\tinyxml">
      <UniqueIdentifier>{321171f9-6343-42bf-8a41-864b7c88c479}</UniqueIdentifier>
    </Filter>
    <Filter Include="main\vdr_set">
      <UniqueIdentifier>{3933d70e-85cb-4d05-b215-b642f1c2196b}</UniqueIdentifier>
    </Filter>
    <Filter Include="Road">
      <UniqueIdentifier>{e3c1b03e-0c54-45f6-9361-bd2b550f4466}</UniqueIdentifier>
    </Filter>
    <Filter Include="materials">
      <UniqueIdentifier>{83b422af-85c0-4e26-b82d-cec89642b2a8}</UniqueIdentifier>
    </Filter>
    <Filter Include="Cfg,Gui">
      <UniqueIdentifier>{c800809e-485a-4c37-8e40-fd8e7cd6bc31}</UniqueIdentifier>
    </Filter>
    <Filter Include="Scene">
      <UniqueIdentifier>{92d49c15-c564-4ccb-882f-5923b9a3162a}</UniqueIdentifier>
    </Filter>
    <Filter Include="SceneCommon">
      <UniqueIdentifier>{486bf229-d03c-4596-8a57-29ea779731ca}</UniqueIdentifier>
    </Filter>
    <Filter Include="paged-geom">
      <UniqueIdentifier>{33168462-8c85-4768-8401-defce90c826d}</UniqueIdentifier>
    </Filter>
  </ItemGroup>
  <ItemGroup>
    <ClCompile Include="Source\Editor\BaseApp.cpp">
      <Filter>Base,Set</Filter>
    </ClCompile>
    <ClCompile Include="Source\Editor\BaseApp_Create.cpp">
      <Filter>Base,Set</Filter>
    </ClCompile>
    <ClCompile Include="Source\Editor\settings.cpp">
      <Filter>Base,Set</Filter>
    </ClCompile>
    <ClCompile Include="Source\Editor\main.cpp">
      <Filter>main</Filter>
    </ClCompile>
    <ClCompile Include="source\vdrift\pathmanager.cpp">
      <Filter>main</Filter>
    </ClCompile>
    <ClCompile Include="source\editor\pch.cpp">
      <Filter>main</Filter>
    </ClCompile>
    <ClCompile Include="Source\tinyxml\tinystr.cpp">
      <Filter>main\tinyxml</Filter>
    </ClCompile>
    <ClCompile Include="Source\tinyxml\tinyxml.cpp">
      <Filter>main\tinyxml</Filter>
    </ClCompile>
    <ClCompile Include="Source\tinyxml\tinyxmlerror.cpp">
      <Filter>main\tinyxml</Filter>
    </ClCompile>
    <ClCompile Include="Source\tinyxml\tinyxmlparser.cpp">
      <Filter>main\tinyxml</Filter>
    </ClCompile>
    <ClCompile Include="Source\vdrift\configfile.cpp">
      <Filter>main\vdr_set</Filter>
    </ClCompile>
    <ClCompile Include="Source\road\Road_Edit.cpp">
      <Filter>Road</Filter>
    </ClCompile>
    <ClCompile Include="Source\road\Road_File.cpp">
      <Filter>Road</Filter>
    </ClCompile>
    <ClCompile Include="Source\road\Road_Markers.cpp">
      <Filter>Road</Filter>
    </ClCompile>
    <ClCompile Include="Source\road\Road_Mesh.cpp">
      <Filter>Road</Filter>
    </ClCompile>
    <ClCompile Include="Source\road\Road_Rebuild.cpp">
      <Filter>Road</Filter>
    </ClCompile>
    <ClCompile Include="Source\road\SplineBase.cpp">
      <Filter>Road</Filter>
    </ClCompile>
    <ClCompile Include="source\ogre\common\Gui_Common.cpp">
      <Filter>Cfg,Gui</Filter>
    </ClCompile>
    <ClCompile Include="source\ogre\common\Gui_CommonTrack.cpp">
      <Filter>Cfg,Gui</Filter>
    </ClCompile>
    <ClCompile Include="Source\editor\Gui_Events.cpp">
      <Filter>Cfg,Gui</Filter>
    </ClCompile>
    <ClCompile Include="Source\editor\Gui_Init.cpp">
      <Filter>Cfg,Gui</Filter>
    </ClCompile>
    <ClCompile Include="Source\editor\Gui_Util.cpp">
      <Filter>Cfg,Gui</Filter>
    </ClCompile>
    <ClCompile Include="Source\Editor\OgreApp.cpp">
      <Filter>Cfg,Gui</Filter>
    </ClCompile>
    <ClCompile Include="Source\Editor\Render2tex.cpp">
      <Filter>Cfg,Gui</Filter>
    </ClCompile>
    <ClCompile Include="Source\Editor\SceneInit.cpp">
      <Filter>Scene</Filter>
    </ClCompile>
    <ClCompile Include="Source\editor\StartPos.cpp">
      <Filter>Scene</Filter>
    </ClCompile>
    <ClCompile Include="Source\Editor\TerrainEdit.cpp">
      <Filter>Scene</Filter>
    </ClCompile>
    <ClCompile Include="Source\editor\Update_Edit.cpp">
      <Filter>Scene</Filter>
    </ClCompile>
    <ClCompile Include="Source\editor\Update_Key.cpp">
      <Filter>Scene</Filter>
    </ClCompile>
    <ClCompile Include="source\ogre\common\BltObjects.cpp">
      <Filter>SceneCommon</Filter>
    </ClCompile>
    <ClCompile Include="source\ogre\common\MultiList2.cpp">
      <Filter>SceneCommon</Filter>
    </ClCompile>
    <ClCompile Include="Source\ogre\common\SceneTrees.cpp">
      <Filter>SceneCommon</Filter>
    </ClCompile>
    <ClCompile Include="Source\ogre\common\SceneXml.cpp">
      <Filter>SceneCommon</Filter>
    </ClCompile>
    <ClCompile Include="Source\ogre\common\Shadows.cpp">
      <Filter>SceneCommon</Filter>
    </ClCompile>
    <ClCompile Include="source\ogre\common\simplexnoise.cpp">
      <Filter>SceneCommon</Filter>
    </ClCompile>
    <ClCompile Include="Source\ogre\common\Terrain.cpp">
      <Filter>SceneCommon</Filter>
    </ClCompile>
    <ClCompile Include="source\ogre\common\TracksXml.cpp">
      <Filter>SceneCommon</Filter>
    </ClCompile>
    <ClCompile Include="Source\paged-geom\BatchedGeometry.cpp">
      <Filter>paged-geom</Filter>
    </ClCompile>
    <ClCompile Include="Source\paged-geom\BatchPage.cpp">
      <Filter>paged-geom</Filter>
    </ClCompile>
    <ClCompile Include="Source\paged-geom\GrassLoader.cpp">
      <Filter>paged-geom</Filter>
    </ClCompile>
    <ClCompile Include="Source\paged-geom\ImpostorPage.cpp">
      <Filter>paged-geom</Filter>
    </ClCompile>
    <ClCompile Include="Source\paged-geom\PagedGeometry.cpp">
      <Filter>paged-geom</Filter>
    </ClCompile>
    <ClCompile Include="Source\paged-geom\PropertyMaps.cpp">
      <Filter>paged-geom</Filter>
    </ClCompile>
    <ClCompile Include="Source\paged-geom\StaticBillboardSet.cpp">
      <Filter>paged-geom</Filter>
    </ClCompile>
    <ClCompile Include="Source\paged-geom\TreeLoader2D.cpp">
      <Filter>paged-geom</Filter>
    </ClCompile>
    <ClCompile Include="Source\paged-geom\TreeLoader3D.cpp">
      <Filter>paged-geom</Filter>
    </ClCompile>
    <ClCompile Include="Source\paged-geom\WindBatchedGeometry.cpp">
      <Filter>paged-geom</Filter>
    </ClCompile>
    <ClCompile Include="Source\paged-geom\WindBatchPage.cpp">
      <Filter>paged-geom</Filter>
    </ClCompile>
    <ClCompile Include="source\ogre\common\FluidsXml.cpp">
      <Filter>SceneCommon</Filter>
    </ClCompile>
    <ClCompile Include="source\ogre\common\MaterialGen\ArrowMaterial.cpp">
      <Filter>SceneCommon</Filter>
    </ClCompile>
    <ClCompile Include="source\ogre\common\MaterialGen\GlassMaterial.cpp">
      <Filter>SceneCommon</Filter>
    </ClCompile>
    <ClCompile Include="source\ogre\common\MaterialGen\ImpostorMaterial.cpp">
      <Filter>SceneCommon</Filter>
    </ClCompile>
    <ClCompile Include="source\ogre\common\MaterialGen\MaterialDefinition.cpp">
      <Filter>SceneCommon</Filter>
    </ClCompile>
    <ClCompile Include="source\ogre\common\MaterialGen\MaterialFactory.cpp">
      <Filter>SceneCommon</Filter>
    </ClCompile>
    <ClCompile Include="source\ogre\common\MaterialGen\MaterialGenerator.cpp">
      <Filter>SceneCommon</Filter>
    </ClCompile>
    <ClCompile Include="source\ogre\common\MaterialGen\MaterialProperties.cpp">
      <Filter>SceneCommon</Filter>
    </ClCompile>
    <ClCompile Include="source\ogre\common\MaterialGen\PipeGlassMaterial.cpp">
      <Filter>SceneCommon</Filter>
    </ClCompile>
    <ClCompile Include="source\ogre\common\MaterialGen\ShaderProperties.cpp">
      <Filter>SceneCommon</Filter>
    </ClCompile>
    <ClCompile Include="source\ogre\common\MaterialGen\TerrainMaterialGen.cpp">
      <Filter>SceneCommon</Filter>
    </ClCompile>
    <ClCompile Include="source\ogre\common\MaterialGen\WaterMaterial.cpp">
      <Filter>SceneCommon</Filter>
    </ClCompile>
    <ClCompile Include="source\ogre\common\MaterialGen\MaterialGeneratorFrag.cpp">
      <Filter>SceneCommon</Filter>
    </ClCompile>
    <ClCompile Include="source\ogre\common\MaterialGen\MaterialGeneratorVert.cpp">
      <Filter>SceneCommon</Filter>
    </ClCompile>
    <ClCompile Include="source\ogre\common\WaterRTT.cpp" />
    <ClCompile Include="source\ogre\common\QTimer.cpp" />
    <ClCompile Include="source\ogre\common\MaterialGen\ParticleMaterial.cpp" />
  </ItemGroup>
  <ItemGroup>
    <ClInclude Include="Source\Editor\BaseApp.h">
      <Filter>Base,Set</Filter>
    </ClInclude>
    <ClInclude Include="Source\Editor\settings.h">
      <Filter>Base,Set</Filter>
    </ClInclude>
    <ClInclude Include="source\editor\Defines.h">
      <Filter>main</Filter>
    </ClInclude>
    <ClInclude Include="source\vdrift\pathmanager.h">
      <Filter>main</Filter>
    </ClInclude>
    <ClInclude Include="source\editor\pch.h">
      <Filter>main</Filter>
    </ClInclude>
    <ClInclude Include="Source\tinyxml\tinystr.h">
      <Filter>main\tinyxml</Filter>
    </ClInclude>
    <ClInclude Include="Source\tinyxml\tinyxml.h">
      <Filter>main\tinyxml</Filter>
    </ClInclude>
    <ClInclude Include="Source\vdrift\bucketed_hashmap.h">
      <Filter>main\vdr_set</Filter>
    </ClInclude>
    <ClInclude Include="Source\vdrift\configfile.h">
      <Filter>main\vdr_set</Filter>
    </ClInclude>
    <ClInclude Include="Source\road\Road.h">
      <Filter>Road</Filter>
    </ClInclude>
    <ClInclude Include="Source\road\SplineBase.h">
      <Filter>Road</Filter>
    </ClInclude>
    <ClInclude Include="source\ogre\common\Gui_Def.h">
      <Filter>Cfg,Gui</Filter>
    </ClInclude>
    <ClInclude Include="Source\Editor\OgreApp.h">
      <Filter>Cfg,Gui</Filter>
    </ClInclude>
    <ClInclude Include="source\ogre\common\BltObjects.h">
      <Filter>SceneCommon</Filter>
    </ClInclude>
    <ClInclude Include="source\ogre\common\Defines.h">
      <Filter>SceneCommon</Filter>
    </ClInclude>
    <ClInclude Include="source\ogre\common\MultiList2.h">
      <Filter>SceneCommon</Filter>
    </ClInclude>
    <ClInclude Include="source\ogre\common\RenderConst.h">
      <Filter>SceneCommon</Filter>
    </ClInclude>
    <ClInclude Include="Source\ogre\common\SceneXml.h">
      <Filter>SceneCommon</Filter>
    </ClInclude>
    <ClInclude Include="source\ogre\common\TracksXml.h">
      <Filter>SceneCommon</Filter>
    </ClInclude>
    <ClInclude Include="Source\paged-geom\BatchedGeometry.h">
      <Filter>paged-geom</Filter>
    </ClInclude>
    <ClInclude Include="Source\paged-geom\BatchPage.h">
      <Filter>paged-geom</Filter>
    </ClInclude>
    <ClInclude Include="Source\paged-geom\GrassLoader.h">
      <Filter>paged-geom</Filter>
    </ClInclude>
    <ClInclude Include="Source\paged-geom\ImpostorPage.h">
      <Filter>paged-geom</Filter>
    </ClInclude>
    <ClInclude Include="Source\paged-geom\MersenneTwister.h">
      <Filter>paged-geom</Filter>
    </ClInclude>
    <ClInclude Include="Source\paged-geom\PagedGeometry.h">
      <Filter>paged-geom</Filter>
    </ClInclude>
    <ClInclude Include="Source\paged-geom\PagedGeometryConfig.h">
      <Filter>paged-geom</Filter>
    </ClInclude>
    <ClInclude Include="Source\paged-geom\PropertyMaps.h">
      <Filter>paged-geom</Filter>
    </ClInclude>
    <ClInclude Include="Source\paged-geom\RandomTable.h">
      <Filter>paged-geom</Filter>
    </ClInclude>
    <ClInclude Include="Source\paged-geom\StaticBillboardSet.h">
      <Filter>paged-geom</Filter>
    </ClInclude>
    <ClInclude Include="Source\paged-geom\TreeLoader2D.h">
      <Filter>paged-geom</Filter>
    </ClInclude>
    <ClInclude Include="Source\paged-geom\TreeLoader3D.h">
      <Filter>paged-geom</Filter>
    </ClInclude>
    <ClInclude Include="Source\paged-geom\WindBatchedGeometry.h">
      <Filter>paged-geom</Filter>
    </ClInclude>
    <ClInclude Include="Source\paged-geom\WindBatchPage.h">
      <Filter>paged-geom</Filter>
    </ClInclude>
    <ClInclude Include="source\ogre\common\FluidsXml.h">
      <Filter>SceneCommon</Filter>
    </ClInclude>
    <ClInclude Include="source\ogre\common\MaterialGen\ArrowMaterial.h">
      <Filter>SceneCommon</Filter>
    </ClInclude>
    <ClInclude Include="source\ogre\common\MaterialGen\GlassMaterial.h">
      <Filter>SceneCommon</Filter>
    </ClInclude>
    <ClInclude Include="source\ogre\common\MaterialGen\ImpostorMaterial.h">
      <Filter>SceneCommon</Filter>
    </ClInclude>
    <ClInclude Include="source\ogre\common\MaterialGen\MaterialDefinition.h">
      <Filter>SceneCommon</Filter>
    </ClInclude>
    <ClInclude Include="source\ogre\common\MaterialGen\MaterialFactory.h">
      <Filter>SceneCommon</Filter>
    </ClInclude>
    <ClInclude Include="source\ogre\common\MaterialGen\MaterialGenerator.h">
      <Filter>SceneCommon</Filter>
    </ClInclude>
    <ClInclude Include="source\ogre\common\MaterialGen\MaterialProperties.h">
      <Filter>SceneCommon</Filter>
    </ClInclude>
    <ClInclude Include="source\ogre\common\MaterialGen\PipeGlassMaterial.h">
      <Filter>SceneCommon</Filter>
    </ClInclude>
    <ClInclude Include="source\ogre\common\MaterialGen\ShaderProperties.h">
      <Filter>SceneCommon</Filter>
    </ClInclude>
    <ClInclude Include="source\ogre\common\MaterialGen\TerrainMaterialGen.h">
      <Filter>SceneCommon</Filter>
    </ClInclude>
    <ClInclude Include="source\ogre\common\MaterialGen\WaterMaterial.h">
      <Filter>SceneCommon</Filter>
    </ClInclude>
    <ClInclude Include="source\ogre\common\waterrtt.h" />
  </ItemGroup>
  <ItemGroup>
    <None Include="data\materials\general.cg">
      <Filter>materials</Filter>
    </None>
    <None Include="data\materials\general.material">
      <Filter>materials</Filter>
    </None>
    <None Include="data\materials\general.program">
      <Filter>materials</Filter>
    </None>
    <None Include="data\materials\rnd.cg">
      <Filter>materials</Filter>
    </None>
    <None Include="data\materials\rnd.material">
      <Filter>materials</Filter>
    </None>
    <None Include="data\materials\road.material">
      <Filter>materials</Filter>
    </None>
    <None Include="data\editor\road_ed.material">
      <Filter>materials</Filter>
    </None>
    <None Include="data\gui\core_language_en_tag.xml">
      <Filter>Cfg,Gui</Filter>
    </None>
    <None Include="data\gui\Editor.layout">
      <Filter>Cfg,Gui</Filter>
    </None>
    <None Include="data\hud\Editor.overlay">
      <Filter>Cfg,Gui</Filter>
    </None>
  </ItemGroup>
</Project>