<?xml version="1.0" encoding="utf-8"?>
<Project ToolsVersion="4.0" xmlns="http://schemas.microsoft.com/developer/msbuild/2003">
  <ItemGroup>
    <Filter Include="VDrift">
      <UniqueIdentifier>{2dffa73f-c750-4db5-93fb-b1b025972f9b}</UniqueIdentifier>
    </Filter>
    <Filter Include="VDrift\Collis">
      <UniqueIdentifier>{505a96c9-6ca3-48c9-984b-1c6f5f6c7dab}</UniqueIdentifier>
    </Filter>
    <Filter Include="VDrift\Collis\road">
      <UniqueIdentifier>{7d5ac840-c4c7-4a2d-b328-60d444553bf5}</UniqueIdentifier>
    </Filter>
    <Filter Include="VDrift\Collis\CollisBase">
      <UniqueIdentifier>{44ed84f2-a664-4999-887f-bd1ce2f12be3}</UniqueIdentifier>
    </Filter>
    <Filter Include="VDrift\Collis\Math">
      <UniqueIdentifier>{a8150785-60f3-4cb5-95de-436d304d795a}</UniqueIdentifier>
    </Filter>
    <Filter Include="VDrift\Car">
      <UniqueIdentifier>{5a0bcfd5-c280-40c7-820c-ee25268c2f0d}</UniqueIdentifier>
    </Filter>
    <Filter Include="VDrift\Game">
      <UniqueIdentifier>{215ab8c1-5dbb-4f2e-a09b-b678719f1a24}</UniqueIdentifier>
    </Filter>
    <Filter Include="VDrift\Game\Game2">
      <UniqueIdentifier>{573a2535-c125-490c-9244-75ab53014271}</UniqueIdentifier>
    </Filter>
    <Filter Include="VDrift\Game\Models">
      <UniqueIdentifier>{901f36f2-ba4d-4e2f-a3c6-8e4eddc173f5}</UniqueIdentifier>
    </Filter>
    <Filter Include="VDrift\Set">
      <UniqueIdentifier>{f78da8f1-28e0-47cb-be30-1ef49961f892}</UniqueIdentifier>
    </Filter>
    <Filter Include="VDrift\Set\Util">
      <UniqueIdentifier>{2ce394dd-f673-4977-a703-4f63d2046f51}</UniqueIdentifier>
    </Filter>
    <Filter Include="VDrift\main">
      <UniqueIdentifier>{b4ef6037-505e-4c22-96b5-7d0cac0f6639}</UniqueIdentifier>
    </Filter>
    <Filter Include="Ogre">
      <UniqueIdentifier>{5dd442fc-9de7-4e02-9886-028f78d827c8}</UniqueIdentifier>
    </Filter>
    <Filter Include="Ogre\BaseApp">
      <UniqueIdentifier>{03ff806f-cef2-4be1-a491-42e643911f32}</UniqueIdentifier>
    </Filter>
    <Filter Include="Ogre\Scene">
      <UniqueIdentifier>{ff4a7d4f-9022-407d-9c4c-0343ed7b9fdf}</UniqueIdentifier>
    </Filter>
    <Filter Include="Ogre\Gui">
      <UniqueIdentifier>{0e189c92-b972-42ab-a1e6-67f6c68c5a40}</UniqueIdentifier>
    </Filter>
    <Filter Include="Ogre\materials">
      <UniqueIdentifier>{a383c050-e5c5-4f67-aaff-c6beb75371e2}</UniqueIdentifier>
    </Filter>
    <Filter Include="Ogre\Road">
      <UniqueIdentifier>{cdf3295e-6371-4cbe-87df-77cec0d0bd70}</UniqueIdentifier>
    </Filter>
    <Filter Include="Ogre\SceneCommon">
      <UniqueIdentifier>{4aa9eaf0-f12b-44b8-be32-dacb1a147598}</UniqueIdentifier>
    </Filter>
    <Filter Include="Ogre\Game">
      <UniqueIdentifier>{3b7bc396-194a-44b8-9331-93b59d54f4fd}</UniqueIdentifier>
    </Filter>
    <Filter Include="Libs">
      <UniqueIdentifier>{6acb2f4a-a3da-4a01-bab8-dbc91566ebdb}</UniqueIdentifier>
    </Filter>
    <Filter Include="Libs\btOgre">
      <UniqueIdentifier>{cf17c213-f7f2-483b-aadd-a2f986930ae3}</UniqueIdentifier>
    </Filter>
    <Filter Include="Libs\PagedGeom">
      <UniqueIdentifier>{4eb41f21-395a-42e4-bd86-3b1024d2f61a}</UniqueIdentifier>
    </Filter>
    <Filter Include="Libs\oisb">
      <UniqueIdentifier>{3e130403-a729-4145-af86-c8a4ae29e4b0}</UniqueIdentifier>
    </Filter>
    <Filter Include="Libs\oisb\cpp">
      <UniqueIdentifier>{f68b8d03-4a5c-40be-b25d-aba473a35855}</UniqueIdentifier>
    </Filter>
    <Filter Include="Libs\bullet">
      <UniqueIdentifier>{9f20074d-07b4-4d94-903a-375e758783a2}</UniqueIdentifier>
    </Filter>
    <Filter Include="Libs\bullet\LinearMath">
      <UniqueIdentifier>{99708ac9-9900-48e6-afbf-7fca73c18cd5}</UniqueIdentifier>
    </Filter>
    <Filter Include="Libs\bullet\LinearMath\cpp">
      <UniqueIdentifier>{7148b4b3-0df5-4947-a199-68f85d855498}</UniqueIdentifier>
    </Filter>
    <Filter Include="Libs\bullet\LinearMath\h">
      <UniqueIdentifier>{8205204b-40b9-4391-bea5-ad94c0b7388f}</UniqueIdentifier>
    </Filter>
    <Filter Include="Libs\bullet\BulletCollision">
      <UniqueIdentifier>{4e3cfe3a-7dd8-4aa3-ad53-8ee6e9807166}</UniqueIdentifier>
    </Filter>
    <Filter Include="Libs\bullet\BulletCollision\cpp">
      <UniqueIdentifier>{397c7eb4-24ad-4628-b148-c697da1b246e}</UniqueIdentifier>
    </Filter>
    <Filter Include="Libs\bullet\BulletCollision\h">
      <UniqueIdentifier>{637af139-8be5-4605-bde0-ab3de26c6220}</UniqueIdentifier>
    </Filter>
    <Filter Include="Libs\bullet\BulletDynamics">
      <UniqueIdentifier>{3351106c-fa88-4499-a4fd-c673e1f0b809}</UniqueIdentifier>
    </Filter>
    <Filter Include="Libs\bullet\BulletDynamics\cpp">
      <UniqueIdentifier>{83a6165e-c82f-4cbb-bbda-45989e080efb}</UniqueIdentifier>
    </Filter>
    <Filter Include="Libs\bullet\BulletDynamics\h">
      <UniqueIdentifier>{7a9a7c48-ea14-400f-80b3-209d42bca459}</UniqueIdentifier>
    </Filter>
    <Filter Include="Libs\tinyxml">
      <UniqueIdentifier>{73f601df-ffb7-43fc-a2e6-5b2c706c0001}</UniqueIdentifier>
    </Filter>
    <Filter Include="Ogre\Gui\mat-eff">
      <UniqueIdentifier>{8b970db9-3747-4b39-9256-abdd9d3ebf87}</UniqueIdentifier>
    </Filter>
    <Filter Include="Ogre\Gui\mat-eff\bloom">
      <UniqueIdentifier>{b6817cc2-71f2-4898-9b69-ce99f6f08a91}</UniqueIdentifier>
    </Filter>
    <Filter Include="Ogre\Gui\mat-eff\hdr">
      <UniqueIdentifier>{c3f0d899-e0da-4b76-b572-b982227afacd}</UniqueIdentifier>
    </Filter>
    <Filter Include="Ogre\Gui\mat-eff\mot-blur">
      <UniqueIdentifier>{04413e00-ebd3-41c3-8755-c2f1ec0d4029}</UniqueIdentifier>
    </Filter>
  </ItemGroup>
  <ItemGroup>
    <ClCompile Include="source\vdrift\Buoyancy.cpp">
      <Filter>VDrift\Collis</Filter>
    </ClCompile>
    <ClCompile Include="Source\vdrift\collision_world.cpp">
      <Filter>VDrift\Collis</Filter>
    </ClCompile>
    <ClCompile Include="Source\vdrift\coordinatesystems.cpp">
      <Filter>VDrift\Collis</Filter>
    </ClCompile>
    <ClCompile Include="Source\vdrift\crashdetection.cpp">
      <Filter>VDrift\Collis</Filter>
    </ClCompile>
    <ClCompile Include="Source\vdrift\suspensionbumpdetection.cpp">
      <Filter>VDrift\Collis</Filter>
    </ClCompile>
    <ClCompile Include="Source\vdrift\bezier.cpp">
      <Filter>VDrift\Collis\road</Filter>
    </ClCompile>
    <ClCompile Include="Source\vdrift\roadpatch.cpp">
      <Filter>VDrift\Collis\road</Filter>
    </ClCompile>
    <ClCompile Include="Source\vdrift\roadstrip.cpp">
      <Filter>VDrift\Collis\road</Filter>
    </ClCompile>
    <ClCompile Include="Source\vdrift\aabb.cpp">
      <Filter>VDrift\Collis\CollisBase</Filter>
    </ClCompile>
    <ClCompile Include="Source\vdrift\aabb_space_partitioning.cpp">
      <Filter>VDrift\Collis\CollisBase</Filter>
    </ClCompile>
    <ClCompile Include="Source\vdrift\linearframe.cpp">
      <Filter>VDrift\Collis\CollisBase</Filter>
    </ClCompile>
    <ClCompile Include="Source\vdrift\linearinterp.cpp">
      <Filter>VDrift\Collis\CollisBase</Filter>
    </ClCompile>
    <ClCompile Include="Source\vdrift\rigidbody.cpp">
      <Filter>VDrift\Collis\CollisBase</Filter>
    </ClCompile>
    <ClCompile Include="Source\vdrift\rotationalframe.cpp">
      <Filter>VDrift\Collis\CollisBase</Filter>
    </ClCompile>
    <ClCompile Include="Source\vdrift\mathplane.cpp">
      <Filter>VDrift\Collis\Math</Filter>
    </ClCompile>
    <ClCompile Include="Source\vdrift\mathvector.cpp">
      <Filter>VDrift\Collis\Math</Filter>
    </ClCompile>
    <ClCompile Include="Source\vdrift\parallel_task.cpp">
      <Filter>VDrift\Collis\Math</Filter>
    </ClCompile>
    <ClCompile Include="Source\vdrift\quaternion.cpp">
      <Filter>VDrift\Collis\Math</Filter>
    </ClCompile>
    <ClCompile Include="Source\vdrift\random.cpp">
      <Filter>VDrift\Collis\Math</Filter>
    </ClCompile>
    <ClCompile Include="Source\vdrift\car.cpp">
      <Filter>VDrift\Car</Filter>
    </ClCompile>
    <ClCompile Include="Source\vdrift\carcontrolmap_local.cpp">
      <Filter>VDrift\Car</Filter>
    </ClCompile>
    <ClCompile Include="Source\vdrift\cardynamics.cpp">
      <Filter>VDrift\Car</Filter>
    </ClCompile>
    <ClCompile Include="Source\vdrift\cardynamics_load.cpp">
      <Filter>VDrift\Car</Filter>
    </ClCompile>
    <ClCompile Include="Source\vdrift\game.cpp">
      <Filter>VDrift\Game</Filter>
    </ClCompile>
    <ClCompile Include="Source\vdrift\sound.cpp">
      <Filter>VDrift\Game</Filter>
    </ClCompile>
    <ClCompile Include="Source\vdrift\ai.cpp">
      <Filter>VDrift\Game\Game2</Filter>
    </ClCompile>
    <ClCompile Include="Source\vdrift\forcefeedback.cpp">
      <Filter>VDrift\Game\Game2</Filter>
    </ClCompile>
    <ClCompile Include="Source\vdrift\k1999.cpp">
      <Filter>VDrift\Game\Game2</Filter>
    </ClCompile>
    <ClCompile Include="Source\vdrift\joepack.cpp">
      <Filter>VDrift\Game\Models</Filter>
    </ClCompile>
    <ClCompile Include="Source\vdrift\joeserialize.cpp">
      <Filter>VDrift\Game\Models</Filter>
    </ClCompile>
    <ClCompile Include="Source\vdrift\model.cpp">
      <Filter>VDrift\Game\Models</Filter>
    </ClCompile>
    <ClCompile Include="Source\vdrift\model_joe03.cpp">
      <Filter>VDrift\Game\Models</Filter>
    </ClCompile>
    <ClCompile Include="Source\vdrift\model_obj.cpp">
      <Filter>VDrift\Game\Models</Filter>
    </ClCompile>
    <ClCompile Include="Source\vdrift\objectloader.cpp">
      <Filter>VDrift\Game\Models</Filter>
    </ClCompile>
    <ClCompile Include="Source\vdrift\texture.cpp">
      <Filter>VDrift\Game\Models</Filter>
    </ClCompile>
    <ClCompile Include="Source\vdrift\track.cpp">
      <Filter>VDrift\Game\Models</Filter>
    </ClCompile>
    <ClCompile Include="Source\vdrift\track_object.cpp">
      <Filter>VDrift\Game\Models</Filter>
    </ClCompile>
    <ClCompile Include="Source\vdrift\vertexarray.cpp">
      <Filter>VDrift\Game\Models</Filter>
    </ClCompile>
    <ClCompile Include="Source\vdrift\configfile.cpp">
      <Filter>VDrift\Set</Filter>
    </ClCompile>
    <ClCompile Include="Source\vdrift\pathmanager.cpp">
      <Filter>VDrift\Set</Filter>
    </ClCompile>
    <ClCompile Include="Source\vdrift\settings.cpp">
      <Filter>VDrift\Set</Filter>
    </ClCompile>
    <ClCompile Include="Source\vdrift\containeralgorithm.cpp">
      <Filter>VDrift\Set\Util</Filter>
    </ClCompile>
    <ClCompile Include="Source\vdrift\endian_utility.cpp">
      <Filter>VDrift\Set\Util</Filter>
    </ClCompile>
    <ClCompile Include="Source\vdrift\optional.cpp">
      <Filter>VDrift\Set\Util</Filter>
    </ClCompile>
    <ClCompile Include="Source\vdrift\performance_testing.cpp">
      <Filter>VDrift\Set\Util</Filter>
    </ClCompile>
    <ClCompile Include="Source\vdrift\reseatable_reference.cpp">
      <Filter>VDrift\Set\Util</Filter>
    </ClCompile>
    <ClCompile Include="Source\vdrift\timer.cpp">
      <Filter>VDrift\Set\Util</Filter>
    </ClCompile>
    <ClCompile Include="Source\vdrift\toggle.cpp">
      <Filter>VDrift\Set\Util</Filter>
    </ClCompile>
    <ClCompile Include="Source\ogre\main.cpp">
      <Filter>VDrift\main</Filter>
    </ClCompile>
    <ClCompile Include="source\ogre\pch.cpp">
      <Filter>VDrift\main</Filter>
    </ClCompile>
    <ClCompile Include="Source\ogre\BaseApp.cpp">
      <Filter>Ogre\BaseApp</Filter>
    </ClCompile>
    <ClCompile Include="Source\ogre\BaseApp_Create.cpp">
      <Filter>Ogre\BaseApp</Filter>
    </ClCompile>
    <ClCompile Include="Source\ogre\FollowCamera.cpp">
      <Filter>Ogre\BaseApp</Filter>
    </ClCompile>
    <ClCompile Include="source\ogre\LoadingBar.cpp">
      <Filter>Ogre\BaseApp</Filter>
    </ClCompile>
    <ClCompile Include="source\ogre\CarReflection.cpp">
      <Filter>Ogre\Scene</Filter>
    </ClCompile>
    <ClCompile Include="source\ogre\ReplayGame.cpp">
      <Filter>Ogre\Scene</Filter>
    </ClCompile>
    <ClCompile Include="Source\ogre\SceneInit.cpp">
      <Filter>Ogre\Scene</Filter>
    </ClCompile>
    <ClCompile Include="Source\ogre\TrackVdr.cpp">
      <Filter>Ogre\Scene</Filter>
    </ClCompile>
    <ClCompile Include="source\ogre\common\Gui_Common.cpp">
      <Filter>Ogre\Gui</Filter>
    </ClCompile>
    <ClCompile Include="source\ogre\common\Gui_CommonTrack.cpp">
      <Filter>Ogre\Gui</Filter>
    </ClCompile>
    <ClCompile Include="Source\ogre\Gui_Events.cpp">
      <Filter>Ogre\Gui</Filter>
    </ClCompile>
    <ClCompile Include="Source\ogre\Gui_Init.cpp">
      <Filter>Ogre\Gui</Filter>
    </ClCompile>
    <ClCompile Include="source\ogre\Gui_Input.cpp">
      <Filter>Ogre\Gui</Filter>
    </ClCompile>
    <ClCompile Include="source\ogre\Gui_Replay.cpp">
      <Filter>Ogre\Gui</Filter>
    </ClCompile>
    <ClCompile Include="Source\road\Road_Edit.cpp">
      <Filter>Ogre\Road</Filter>
    </ClCompile>
    <ClCompile Include="Source\road\Road_File.cpp">
      <Filter>Ogre\Road</Filter>
    </ClCompile>
    <ClCompile Include="Source\road\Road_Markers.cpp">
      <Filter>Ogre\Road</Filter>
    </ClCompile>
    <ClCompile Include="Source\road\Road_Mesh.cpp">
      <Filter>Ogre\Road</Filter>
    </ClCompile>
    <ClCompile Include="Source\road\Road_Rebuild.cpp">
      <Filter>Ogre\Road</Filter>
    </ClCompile>
    <ClCompile Include="Source\road\SplineBase.cpp">
      <Filter>Ogre\Road</Filter>
    </ClCompile>
    <ClCompile Include="source\ogre\common\BltObjects.cpp">
      <Filter>Ogre\SceneCommon</Filter>
    </ClCompile>
    <ClCompile Include="source\ogre\common\MultiList2.cpp">
      <Filter>Ogre\SceneCommon</Filter>
    </ClCompile>
    <ClCompile Include="Source\ogre\common\SceneTrees.cpp">
      <Filter>Ogre\SceneCommon</Filter>
    </ClCompile>
    <ClCompile Include="Source\ogre\common\SceneXml.cpp">
      <Filter>Ogre\SceneCommon</Filter>
    </ClCompile>
    <ClCompile Include="source\ogre\common\simplexnoise.cpp">
      <Filter>Ogre\SceneCommon</Filter>
    </ClCompile>
    <ClCompile Include="Source\ogre\common\Terrain.cpp">
      <Filter>Ogre\SceneCommon</Filter>
    </ClCompile>
    <ClCompile Include="source\ogre\common\TracksXml.cpp">
      <Filter>Ogre\SceneCommon</Filter>
    </ClCompile>
    <ClCompile Include="source\ogre\Compositor.cpp">
      <Filter>Ogre\Game</Filter>
    </ClCompile>
    <ClCompile Include="Source\ogre\Hud.cpp">
      <Filter>Ogre\Game</Filter>
    </ClCompile>
    <ClCompile Include="Source\ogre\OgreGame.cpp">
      <Filter>Ogre\Game</Filter>
    </ClCompile>
    <ClCompile Include="source\ogre\SplitScreen.cpp">
      <Filter>Ogre\Game</Filter>
    </ClCompile>
    <ClCompile Include="Source\ogre\Update.cpp">
      <Filter>Ogre\Game</Filter>
    </ClCompile>
    <ClCompile Include="Source\btOgre\BtOgre.cpp">
      <Filter>Libs\btOgre</Filter>
    </ClCompile>
    <ClCompile Include="Source\btOgre\BtOgreAnim.cpp">
      <Filter>Libs\btOgre</Filter>
    </ClCompile>
    <ClCompile Include="Source\btOgre\BtOgreDebug.cpp">
      <Filter>Libs\btOgre</Filter>
    </ClCompile>
    <ClCompile Include="Source\btOgre\DynamicLines.cpp">
      <Filter>Libs\btOgre</Filter>
    </ClCompile>
    <ClCompile Include="Source\paged-geom\BatchedGeometry.cpp">
      <Filter>Libs\PagedGeom</Filter>
    </ClCompile>
    <ClCompile Include="Source\paged-geom\BatchPage.cpp">
      <Filter>Libs\PagedGeom</Filter>
    </ClCompile>
    <ClCompile Include="Source\paged-geom\GrassLoader.cpp">
      <Filter>Libs\PagedGeom</Filter>
    </ClCompile>
    <ClCompile Include="Source\paged-geom\ImpostorPage.cpp">
      <Filter>Libs\PagedGeom</Filter>
    </ClCompile>
    <ClCompile Include="Source\paged-geom\PagedGeometry.cpp">
      <Filter>Libs\PagedGeom</Filter>
    </ClCompile>
    <ClCompile Include="Source\paged-geom\PropertyMaps.cpp">
      <Filter>Libs\PagedGeom</Filter>
    </ClCompile>
    <ClCompile Include="Source\paged-geom\StaticBillboardSet.cpp">
      <Filter>Libs\PagedGeom</Filter>
    </ClCompile>
    <ClCompile Include="Source\paged-geom\TreeLoader2D.cpp">
      <Filter>Libs\PagedGeom</Filter>
    </ClCompile>
    <ClCompile Include="Source\paged-geom\TreeLoader3D.cpp">
      <Filter>Libs\PagedGeom</Filter>
    </ClCompile>
    <ClCompile Include="Source\paged-geom\WindBatchedGeometry.cpp">
      <Filter>Libs\PagedGeom</Filter>
    </ClCompile>
    <ClCompile Include="Source\paged-geom\WindBatchPage.cpp">
      <Filter>Libs\PagedGeom</Filter>
    </ClCompile>
    <ClCompile Include="source\oisb\OISBAction.cpp">
      <Filter>Libs\oisb\cpp</Filter>
    </ClCompile>
    <ClCompile Include="source\oisb\OISBActionSchema.cpp">
      <Filter>Libs\oisb\cpp</Filter>
    </ClCompile>
    <ClCompile Include="source\oisb\OISBAnalogAxisAction.cpp">
      <Filter>Libs\oisb\cpp</Filter>
    </ClCompile>
    <ClCompile Include="source\oisb\OISBAnalogAxisState.cpp">
      <Filter>Libs\oisb\cpp</Filter>
    </ClCompile>
    <ClCompile Include="source\oisb\OISBAnalogEmulation.cpp">
      <Filter>Libs\oisb\cpp</Filter>
    </ClCompile>
    <ClCompile Include="source\oisb\OISBBindable.cpp">
      <Filter>Libs\oisb\cpp</Filter>
    </ClCompile>
    <ClCompile Include="source\oisb\OISBBinding.cpp">
      <Filter>Libs\oisb\cpp</Filter>
    </ClCompile>
    <ClCompile Include="source\oisb\OISBDevice.cpp">
      <Filter>Libs\oisb\cpp</Filter>
    </ClCompile>
    <ClCompile Include="source\oisb\OISBDigitalState.cpp">
      <Filter>Libs\oisb\cpp</Filter>
    </ClCompile>
    <ClCompile Include="source\oisb\OISBJoyStick.cpp">
      <Filter>Libs\oisb\cpp</Filter>
    </ClCompile>
    <ClCompile Include="source\oisb\OISBKeyboard.cpp">
      <Filter>Libs\oisb\cpp</Filter>
    </ClCompile>
    <ClCompile Include="source\oisb\OISBMouse.cpp">
      <Filter>Libs\oisb\cpp</Filter>
    </ClCompile>
    <ClCompile Include="source\oisb\OISBPropertySet.cpp">
      <Filter>Libs\oisb\cpp</Filter>
    </ClCompile>
    <ClCompile Include="source\oisb\OISBSequenceAction.cpp">
      <Filter>Libs\oisb\cpp</Filter>
    </ClCompile>
    <ClCompile Include="source\oisb\OISBState.cpp">
      <Filter>Libs\oisb\cpp</Filter>
    </ClCompile>
    <ClCompile Include="source\oisb\OISBSystem.cpp">
      <Filter>Libs\oisb\cpp</Filter>
    </ClCompile>
    <ClCompile Include="source\oisb\OISBTriggerAction.cpp">
      <Filter>Libs\oisb\cpp</Filter>
    </ClCompile>
    <ClCompile Include="Source\tinyxml\tinystr.cpp">
      <Filter>Libs\tinyxml</Filter>
    </ClCompile>
    <ClCompile Include="Source\tinyxml\tinyxml.cpp">
      <Filter>Libs\tinyxml</Filter>
    </ClCompile>
    <ClCompile Include="Source\tinyxml\tinyxmlerror.cpp">
      <Filter>Libs\tinyxml</Filter>
    </ClCompile>
    <ClCompile Include="Source\tinyxml\tinyxmlparser.cpp">
      <Filter>Libs\tinyxml</Filter>
    </ClCompile>
    <ClCompile Include="source\ogre\common\FluidsXml.cpp">
      <Filter>Ogre\SceneCommon</Filter>
    </ClCompile>
    <ClCompile Include="source\vdrift\cardynamics_update.cpp">
      <Filter>VDrift\Car</Filter>
    </ClCompile>
    <ClCompile Include="source\ogre\common\MyGUI_D3D11.cpp">
      <Filter>Ogre\SceneCommon</Filter>
    </ClCompile>
    <ClCompile Include="source\ogre\common\MaterialGen\ArrowMaterial.cpp">
      <Filter>Ogre\SceneCommon</Filter>
    </ClCompile>
    <ClCompile Include="source\ogre\common\MaterialGen\GlassMaterial.cpp">
      <Filter>Ogre\SceneCommon</Filter>
    </ClCompile>
    <ClCompile Include="source\ogre\common\MaterialGen\ImpostorMaterial.cpp">
      <Filter>Ogre\SceneCommon</Filter>
    </ClCompile>
    <ClCompile Include="source\ogre\common\MaterialGen\MaterialDefinition.cpp">
      <Filter>Ogre\SceneCommon</Filter>
    </ClCompile>
    <ClCompile Include="source\ogre\common\MaterialGen\MaterialFactory.cpp">
      <Filter>Ogre\SceneCommon</Filter>
    </ClCompile>
    <ClCompile Include="source\ogre\common\MaterialGen\MaterialGenerator.cpp">
      <Filter>Ogre\SceneCommon</Filter>
    </ClCompile>
    <ClCompile Include="source\ogre\common\MaterialGen\MaterialProperties.cpp">
      <Filter>Ogre\SceneCommon</Filter>
    </ClCompile>
    <ClCompile Include="source\ogre\common\MaterialGen\PipeGlassMaterial.cpp">
      <Filter>Ogre\SceneCommon</Filter>
    </ClCompile>
    <ClCompile Include="source\ogre\common\MaterialGen\ShaderProperties.cpp">
      <Filter>Ogre\SceneCommon</Filter>
    </ClCompile>
    <ClCompile Include="source\ogre\common\MaterialGen\TerrainMaterialGen.cpp">
      <Filter>Ogre\SceneCommon</Filter>
    </ClCompile>
    <ClCompile Include="source\ogre\common\MaterialGen\WaterMaterial.cpp">
      <Filter>Ogre\SceneCommon</Filter>
    </ClCompile>
    <ClCompile Include="source\ogre\common\MaterialGen\MaterialGeneratorFrag.cpp">
      <Filter>Ogre\SceneCommon</Filter>
    </ClCompile>
    <ClCompile Include="source\ogre\common\MaterialGen\MaterialGeneratorVert.cpp">
      <Filter>Ogre\SceneCommon</Filter>
    </ClCompile>
    <ClCompile Include="source\ogre\CarModel_Create.cpp">
      <Filter>Ogre\Scene</Filter>
    </ClCompile>
    <ClCompile Include="source\ogre\CarModel_Update.cpp">
      <Filter>Ogre\Scene</Filter>
    </ClCompile>
    <ClCompile Include="source\ogre\common\MaterialGen\ParticleMaterial.cpp">
      <Filter>Ogre\SceneCommon</Filter>
    </ClCompile>
    <ClCompile Include="source\ogre\ChampsXml.cpp">
      <Filter>Ogre\SceneCommon</Filter>
    </ClCompile>
    <ClCompile Include="source\network\gameclient.cpp">
      <Filter>Ogre\SceneCommon</Filter>
    </ClCompile>
    <ClCompile Include="source\ogre\Gui_Network.cpp">
      <Filter>Ogre\SceneCommon</Filter>
    </ClCompile>
    <ClCompile Include="source\ogre\common\Gui_Popup.cpp">
      <Filter>Ogre\SceneCommon</Filter>
    </ClCompile>
    <ClCompile Include="source\network\masterclient.cpp">
      <Filter>Ogre\SceneCommon</Filter>
    </ClCompile>
    <ClCompile Include="source\ogre\Championships.cpp" />
    <ClCompile Include="source\ogre\common\QTimer.cpp" />
    <ClCompile Include="source\ogre\common\HWMouse.cpp" />
    <ClCompile Include="source\ogre\common\WaterRTT.cpp" />
    <ClCompile Include="source\ogre\common\Shadows.cpp" />
  </ItemGroup>
  <ItemGroup>
    <ClInclude Include="source\vdrift\Buoyancy.h">
      <Filter>VDrift\Collis</Filter>
    </ClInclude>
    <ClInclude Include="source\vdrift\BuoyMath.h">
      <Filter>VDrift\Collis</Filter>
    </ClInclude>
    <ClInclude Include="Source\vdrift\collision_world.h">
      <Filter>VDrift\Collis</Filter>
    </ClInclude>
    <ClInclude Include="Source\vdrift\coordinatesystems.h">
      <Filter>VDrift\Collis</Filter>
    </ClInclude>
    <ClInclude Include="Source\vdrift\crashdetection.h">
      <Filter>VDrift\Collis</Filter>
    </ClInclude>
    <ClInclude Include="Source\vdrift\suspensionbumpdetection.h">
      <Filter>VDrift\Collis</Filter>
    </ClInclude>
    <ClInclude Include="Source\vdrift\bezier.h">
      <Filter>VDrift\Collis\road</Filter>
    </ClInclude>
    <ClInclude Include="Source\vdrift\roadpatch.h">
      <Filter>VDrift\Collis\road</Filter>
    </ClInclude>
    <ClInclude Include="Source\vdrift\roadstrip.h">
      <Filter>VDrift\Collis\road</Filter>
    </ClInclude>
    <ClInclude Include="Source\vdrift\tracksurface.h">
      <Filter>VDrift\Collis\road</Filter>
    </ClInclude>
    <ClInclude Include="Source\vdrift\aabb.h">
      <Filter>VDrift\Collis\CollisBase</Filter>
    </ClInclude>
    <ClInclude Include="Source\vdrift\aabb_space_partitioning.h">
      <Filter>VDrift\Collis\CollisBase</Filter>
    </ClInclude>
    <ClInclude Include="Source\vdrift\linearframe.h">
      <Filter>VDrift\Collis\CollisBase</Filter>
    </ClInclude>
    <ClInclude Include="Source\vdrift\linearinterp.h">
      <Filter>VDrift\Collis\CollisBase</Filter>
    </ClInclude>
    <ClInclude Include="Source\vdrift\rigidbody.h">
      <Filter>VDrift\Collis\CollisBase</Filter>
    </ClInclude>
    <ClInclude Include="Source\vdrift\rotationalframe.h">
      <Filter>VDrift\Collis\CollisBase</Filter>
    </ClInclude>
    <ClInclude Include="Source\vdrift\tobullet.h">
      <Filter>VDrift\Collis\CollisBase</Filter>
    </ClInclude>
    <ClInclude Include="Source\vdrift\mathplane.h">
      <Filter>VDrift\Collis\Math</Filter>
    </ClInclude>
    <ClInclude Include="Source\vdrift\mathvector.h">
      <Filter>VDrift\Collis\Math</Filter>
    </ClInclude>
    <ClInclude Include="Source\vdrift\matrix3.h">
      <Filter>VDrift\Collis\Math</Filter>
    </ClInclude>
    <ClInclude Include="Source\vdrift\matrix4.h">
      <Filter>VDrift\Collis\Math</Filter>
    </ClInclude>
    <ClInclude Include="Source\vdrift\numprocessors.h">
      <Filter>VDrift\Collis\Math</Filter>
    </ClInclude>
    <ClInclude Include="Source\vdrift\parallel_task.h">
      <Filter>VDrift\Collis\Math</Filter>
    </ClInclude>
    <ClInclude Include="Source\vdrift\quaternion.h">
      <Filter>VDrift\Collis\Math</Filter>
    </ClInclude>
    <ClInclude Include="Source\vdrift\random.h">
      <Filter>VDrift\Collis\Math</Filter>
    </ClInclude>
    <ClInclude Include="Source\vdrift\signalprocessing.h">
      <Filter>VDrift\Collis\Math</Filter>
    </ClInclude>
    <ClInclude Include="Source\vdrift\simpletree.h">
      <Filter>VDrift\Collis\Math</Filter>
    </ClInclude>
    <ClInclude Include="Source\vdrift\spline.h">
      <Filter>VDrift\Collis\Math</Filter>
    </ClInclude>
    <ClInclude Include="Source\vdrift\car.h">
      <Filter>VDrift\Car</Filter>
    </ClInclude>
    <ClInclude Include="Source\vdrift\caraerodynamicdevice.h">
      <Filter>VDrift\Car</Filter>
    </ClInclude>
    <ClInclude Include="Source\vdrift\carbrake.h">
      <Filter>VDrift\Car</Filter>
    </ClInclude>
    <ClInclude Include="Source\vdrift\carclutch.h">
      <Filter>VDrift\Car</Filter>
    </ClInclude>
    <ClInclude Include="Source\vdrift\carcontrolmap_local.h">
      <Filter>VDrift\Car</Filter>
    </ClInclude>
    <ClInclude Include="Source\vdrift\cardefs.h">
      <Filter>VDrift\Car</Filter>
    </ClInclude>
    <ClInclude Include="Source\vdrift\cardifferential.h">
      <Filter>VDrift\Car</Filter>
    </ClInclude>
    <ClInclude Include="Source\vdrift\cardynamics.h">
      <Filter>VDrift\Car</Filter>
    </ClInclude>
    <ClInclude Include="Source\vdrift\carengine.h">
      <Filter>VDrift\Car</Filter>
    </ClInclude>
    <ClInclude Include="Source\vdrift\carfueltank.h">
      <Filter>VDrift\Car</Filter>
    </ClInclude>
    <ClInclude Include="Source\vdrift\carsuspension.h">
      <Filter>VDrift\Car</Filter>
    </ClInclude>
    <ClInclude Include="Source\vdrift\cartire.h">
      <Filter>VDrift\Car</Filter>
    </ClInclude>
    <ClInclude Include="Source\vdrift\cartransmission.h">
      <Filter>VDrift\Car</Filter>
    </ClInclude>
    <ClInclude Include="Source\vdrift\carwheel.h">
      <Filter>VDrift\Car</Filter>
    </ClInclude>
    <ClInclude Include="Source\vdrift\enginesoundinfo.h">
      <Filter>VDrift\Car</Filter>
    </ClInclude>
    <ClInclude Include="Source\vdrift\game.h">
      <Filter>VDrift\Game</Filter>
    </ClInclude>
    <ClInclude Include="Source\vdrift\sound.h">
      <Filter>VDrift\Game</Filter>
    </ClInclude>
    <ClInclude Include="Source\vdrift\ai.h">
      <Filter>VDrift\Game\Game2</Filter>
    </ClInclude>
    <ClInclude Include="Source\vdrift\forcefeedback.h">
      <Filter>VDrift\Game\Game2</Filter>
    </ClInclude>
    <ClInclude Include="Source\vdrift\k1999.h">
      <Filter>VDrift\Game\Game2</Filter>
    </ClInclude>
    <ClInclude Include="Source\vdrift\joepack.h">
      <Filter>VDrift\Game\Models</Filter>
    </ClInclude>
    <ClInclude Include="Source\vdrift\joeserialize.h">
      <Filter>VDrift\Game\Models</Filter>
    </ClInclude>
    <ClInclude Include="Source\vdrift\model.h">
      <Filter>VDrift\Game\Models</Filter>
    </ClInclude>
    <ClInclude Include="Source\vdrift\model_joe03.h">
      <Filter>VDrift\Game\Models</Filter>
    </ClInclude>
    <ClInclude Include="Source\vdrift\model_obj.h">
      <Filter>VDrift\Game\Models</Filter>
    </ClInclude>
    <ClInclude Include="Source\vdrift\objectloader.h">
      <Filter>VDrift\Game\Models</Filter>
    </ClInclude>
    <ClInclude Include="Source\vdrift\texture.h">
      <Filter>VDrift\Game\Models</Filter>
    </ClInclude>
    <ClInclude Include="Source\vdrift\texturelibrary.h">
      <Filter>VDrift\Game\Models</Filter>
    </ClInclude>
    <ClInclude Include="Source\vdrift\track.h">
      <Filter>VDrift\Game\Models</Filter>
    </ClInclude>
    <ClInclude Include="Source\vdrift\track_object.h">
      <Filter>VDrift\Game\Models</Filter>
    </ClInclude>
    <ClInclude Include="Source\vdrift\vertexarray.h">
      <Filter>VDrift\Game\Models</Filter>
    </ClInclude>
    <ClInclude Include="Source\vdrift\configfile.h">
      <Filter>VDrift\Set</Filter>
    </ClInclude>
    <ClInclude Include="Source\vdrift\logging.h">
      <Filter>VDrift\Set</Filter>
    </ClInclude>
    <ClInclude Include="Source\vdrift\pathmanager.h">
      <Filter>VDrift\Set</Filter>
    </ClInclude>
    <ClInclude Include="Source\vdrift\settings.h">
      <Filter>VDrift\Set</Filter>
    </ClInclude>
    <ClInclude Include="Source\vdrift\bucketed_hashmap.h">
      <Filter>VDrift\Set\Util</Filter>
    </ClInclude>
    <ClInclude Include="Source\vdrift\containeralgorithm.h">
      <Filter>VDrift\Set\Util</Filter>
    </ClInclude>
    <ClInclude Include="Source\vdrift\derived.h">
      <Filter>VDrift\Set\Util</Filter>
    </ClInclude>
    <ClInclude Include="Source\vdrift\endian_utility.h">
      <Filter>VDrift\Set\Util</Filter>
    </ClInclude>
    <ClInclude Include="Source\vdrift\macros.h">
      <Filter>VDrift\Set\Util</Filter>
    </ClInclude>
    <ClInclude Include="Source\vdrift\optional.h">
      <Filter>VDrift\Set\Util</Filter>
    </ClInclude>
    <ClInclude Include="Source\vdrift\pairsort.h">
      <Filter>VDrift\Set\Util</Filter>
    </ClInclude>
    <ClInclude Include="Source\vdrift\performance_testing.h">
      <Filter>VDrift\Set\Util</Filter>
    </ClInclude>
    <ClInclude Include="Source\vdrift\quickmp.h">
      <Filter>VDrift\Set\Util</Filter>
    </ClInclude>
    <ClInclude Include="Source\vdrift\quickprof.h">
      <Filter>VDrift\Set\Util</Filter>
    </ClInclude>
    <ClInclude Include="Source\vdrift\reseatable_reference.h">
      <Filter>VDrift\Set\Util</Filter>
    </ClInclude>
    <ClInclude Include="Source\vdrift\timer.h">
      <Filter>VDrift\Set\Util</Filter>
    </ClInclude>
    <ClInclude Include="Source\vdrift\toggle.h">
      <Filter>VDrift\Set\Util</Filter>
    </ClInclude>
    <ClInclude Include="Source\vdrift\unittest.h">
      <Filter>VDrift\Set\Util</Filter>
    </ClInclude>
    <ClInclude Include="source\ogre\pch.h">
      <Filter>VDrift\main</Filter>
    </ClInclude>
    <ClInclude Include="Source\ogre\BaseApp.h">
      <Filter>Ogre\BaseApp</Filter>
    </ClInclude>
    <ClInclude Include="Source\ogre\FollowCamera.h">
      <Filter>Ogre\BaseApp</Filter>
    </ClInclude>
    <ClInclude Include="Source\ogre\LoadingBar.h">
      <Filter>Ogre\BaseApp</Filter>
    </ClInclude>
    <ClInclude Include="source\ogre\CarModel.h">
      <Filter>Ogre\Scene</Filter>
    </ClInclude>
    <ClInclude Include="source\ogre\CarReflection.h">
      <Filter>Ogre\Scene</Filter>
    </ClInclude>
    <ClInclude Include="source\ogre\ReplayGame.h">
      <Filter>Ogre\Scene</Filter>
    </ClInclude>
    <ClInclude Include="source\ogre\common\Gui_Def.h">
      <Filter>Ogre\Gui</Filter>
    </ClInclude>
    <ClInclude Include="Source\road\Road.h">
      <Filter>Ogre\Road</Filter>
    </ClInclude>
    <ClInclude Include="Source\road\SplineBase.h">
      <Filter>Ogre\Road</Filter>
    </ClInclude>
    <ClInclude Include="source\ogre\common\BltObjects.h">
      <Filter>Ogre\SceneCommon</Filter>
    </ClInclude>
    <ClInclude Include="source\ogre\Defines.h">
      <Filter>Ogre\SceneCommon</Filter>
    </ClInclude>
    <ClInclude Include="source\ogre\common\MultiList2.h">
      <Filter>Ogre\SceneCommon</Filter>
    </ClInclude>
    <ClInclude Include="source\ogre\common\RenderConst.h">
      <Filter>Ogre\SceneCommon</Filter>
    </ClInclude>
    <ClInclude Include="Source\ogre\common\SceneXml.h">
      <Filter>Ogre\SceneCommon</Filter>
    </ClInclude>
    <ClInclude Include="source\ogre\common\TracksXml.h">
      <Filter>Ogre\SceneCommon</Filter>
    </ClInclude>
    <ClInclude Include="source\ogre\Compositor.h">
      <Filter>Ogre\Game</Filter>
    </ClInclude>
    <ClInclude Include="source\ogre\Localization.h">
      <Filter>Ogre\Game</Filter>
    </ClInclude>
    <ClInclude Include="Source\ogre\OgreGame.h">
      <Filter>Ogre\Game</Filter>
    </ClInclude>
    <ClInclude Include="source\ogre\SplitScreen.h">
      <Filter>Ogre\Game</Filter>
    </ClInclude>
    <ClInclude Include="Source\btOgre\BtOgreDebug.h">
      <Filter>Libs\btOgre</Filter>
    </ClInclude>
    <ClInclude Include="Source\btOgre\BtOgreGP.h">
      <Filter>Libs\btOgre</Filter>
    </ClInclude>
    <ClInclude Include="Source\btOgre\BtOgrePG.h">
      <Filter>Libs\btOgre</Filter>
    </ClInclude>
    <ClInclude Include="Source\btOgre\DynamicLines.h">
      <Filter>Libs\btOgre</Filter>
    </ClInclude>
    <ClInclude Include="Source\paged-geom\BatchedGeometry.h">
      <Filter>Libs\PagedGeom</Filter>
    </ClInclude>
    <ClInclude Include="Source\paged-geom\BatchPage.h">
      <Filter>Libs\PagedGeom</Filter>
    </ClInclude>
    <ClInclude Include="Source\paged-geom\GrassLoader.h">
      <Filter>Libs\PagedGeom</Filter>
    </ClInclude>
    <ClInclude Include="Source\paged-geom\ImpostorPage.h">
      <Filter>Libs\PagedGeom</Filter>
    </ClInclude>
    <ClInclude Include="Source\paged-geom\MersenneTwister.h">
      <Filter>Libs\PagedGeom</Filter>
    </ClInclude>
    <ClInclude Include="Source\paged-geom\PagedGeometry.h">
      <Filter>Libs\PagedGeom</Filter>
    </ClInclude>
    <ClInclude Include="Source\paged-geom\PagedGeometryConfig.h">
      <Filter>Libs\PagedGeom</Filter>
    </ClInclude>
    <ClInclude Include="Source\paged-geom\PropertyMaps.h">
      <Filter>Libs\PagedGeom</Filter>
    </ClInclude>
    <ClInclude Include="Source\paged-geom\RandomTable.h">
      <Filter>Libs\PagedGeom</Filter>
    </ClInclude>
    <ClInclude Include="Source\paged-geom\StaticBillboardSet.h">
      <Filter>Libs\PagedGeom</Filter>
    </ClInclude>
    <ClInclude Include="Source\paged-geom\TreeLoader2D.h">
      <Filter>Libs\PagedGeom</Filter>
    </ClInclude>
    <ClInclude Include="Source\paged-geom\TreeLoader3D.h">
      <Filter>Libs\PagedGeom</Filter>
    </ClInclude>
    <ClInclude Include="Source\paged-geom\WindBatchedGeometry.h">
      <Filter>Libs\PagedGeom</Filter>
    </ClInclude>
    <ClInclude Include="Source\paged-geom\WindBatchPage.h">
      <Filter>Libs\PagedGeom</Filter>
    </ClInclude>
    <ClInclude Include="source\oisb\OISB.h">
      <Filter>Libs\oisb</Filter>
    </ClInclude>
    <ClInclude Include="source\oisb\OISBAction.h">
      <Filter>Libs\oisb</Filter>
    </ClInclude>
    <ClInclude Include="source\oisb\OISBActionSchema.h">
      <Filter>Libs\oisb</Filter>
    </ClInclude>
    <ClInclude Include="source\oisb\OISBAnalogAxisAction.h">
      <Filter>Libs\oisb</Filter>
    </ClInclude>
    <ClInclude Include="source\oisb\OISBAnalogAxisState.h">
      <Filter>Libs\oisb</Filter>
    </ClInclude>
    <ClInclude Include="source\oisb\OISBAnalogEmulation.h">
      <Filter>Libs\oisb</Filter>
    </ClInclude>
    <ClInclude Include="source\oisb\OISBBindable.h">
      <Filter>Libs\oisb</Filter>
    </ClInclude>
    <ClInclude Include="source\oisb\OISBBinding.h">
      <Filter>Libs\oisb</Filter>
    </ClInclude>
    <ClInclude Include="source\oisb\OISBDevice.h">
      <Filter>Libs\oisb</Filter>
    </ClInclude>
    <ClInclude Include="source\oisb\OISBDigitalState.h">
      <Filter>Libs\oisb</Filter>
    </ClInclude>
    <ClInclude Include="source\oisb\OISBGlobal.h">
      <Filter>Libs\oisb</Filter>
    </ClInclude>
    <ClInclude Include="source\oisb\OISBJoyStick.h">
      <Filter>Libs\oisb</Filter>
    </ClInclude>
    <ClInclude Include="source\oisb\OISBKeyboard.h">
      <Filter>Libs\oisb</Filter>
    </ClInclude>
    <ClInclude Include="source\oisb\OISBMouse.h">
      <Filter>Libs\oisb</Filter>
    </ClInclude>
    <ClInclude Include="source\oisb\OISBPropertySet.h">
      <Filter>Libs\oisb</Filter>
    </ClInclude>
    <ClInclude Include="source\oisb\OISBSequenceAction.h">
      <Filter>Libs\oisb</Filter>
    </ClInclude>
    <ClInclude Include="source\oisb\OISBState.h">
      <Filter>Libs\oisb</Filter>
    </ClInclude>
    <ClInclude Include="source\oisb\OISBString.h">
      <Filter>Libs\oisb</Filter>
    </ClInclude>
    <ClInclude Include="source\oisb\OISBSystem.h">
      <Filter>Libs\oisb</Filter>
    </ClInclude>
    <ClInclude Include="source\oisb\OISBTriggerAction.h">
      <Filter>Libs\oisb</Filter>
    </ClInclude>
    <ClInclude Include="Source\tinyxml\tinystr.h">
      <Filter>Libs\tinyxml</Filter>
    </ClInclude>
    <ClInclude Include="Source\tinyxml\tinyxml.h">
      <Filter>Libs\tinyxml</Filter>
    </ClInclude>
    <ClInclude Include="source\ogre\common\FluidsXml.h">
      <Filter>Ogre\SceneCommon</Filter>
    </ClInclude>
    <ClInclude Include="source\ogre\common\MyGUI_D3D11.h">
      <Filter>Ogre\SceneCommon</Filter>
    </ClInclude>
    <ClInclude Include="source\ogre\common\MaterialGen\ArrowMaterial.h">
      <Filter>Ogre\SceneCommon</Filter>
    </ClInclude>
    <ClInclude Include="source\ogre\common\MaterialGen\GlassMaterial.h">
      <Filter>Ogre\SceneCommon</Filter>
    </ClInclude>
    <ClInclude Include="source\ogre\common\MaterialGen\ImpostorMaterial.h">
      <Filter>Ogre\SceneCommon</Filter>
    </ClInclude>
    <ClInclude Include="source\ogre\common\MaterialGen\MaterialDefinition.h">
      <Filter>Ogre\SceneCommon</Filter>
    </ClInclude>
    <ClInclude Include="source\ogre\common\MaterialGen\MaterialFactory.h">
      <Filter>Ogre\SceneCommon</Filter>
    </ClInclude>
    <ClInclude Include="source\ogre\common\MaterialGen\MaterialGenerator.h">
      <Filter>Ogre\SceneCommon</Filter>
    </ClInclude>
    <ClInclude Include="source\ogre\common\MaterialGen\MaterialProperties.h">
      <Filter>Ogre\SceneCommon</Filter>
    </ClInclude>
    <ClInclude Include="source\ogre\common\MaterialGen\PipeGlassMaterial.h">
      <Filter>Ogre\SceneCommon</Filter>
    </ClInclude>
    <ClInclude Include="source\ogre\common\MaterialGen\ShaderProperties.h">
      <Filter>Ogre\SceneCommon</Filter>
    </ClInclude>
    <ClInclude Include="source\ogre\common\MaterialGen\TerrainMaterialGen.h">
      <Filter>Ogre\SceneCommon</Filter>
    </ClInclude>
    <ClInclude Include="source\ogre\common\MaterialGen\WaterMaterial.h">
      <Filter>Ogre\SceneCommon</Filter>
    </ClInclude>
    <ClInclude Include="source\ogre\common\MaterialGen\ParticleMaterial.h">
      <Filter>Ogre\SceneCommon</Filter>
    </ClInclude>
    <ClInclude Include="source\network\xtime.hpp">
      <Filter>Ogre\SceneCommon</Filter>
    </ClInclude>
    <ClInclude Include="source\network\address.hpp">
      <Filter>Ogre\SceneCommon</Filter>
    </ClInclude>
    <ClInclude Include="source\ogre\champsxml.h">
      <Filter>Ogre\SceneCommon</Filter>
    </ClInclude>
    <ClInclude Include="source\network\enet-wrapper.hpp">
      <Filter>Ogre\SceneCommon</Filter>
    </ClInclude>
    <ClInclude Include="source\network\gameclient.hpp">
      <Filter>Ogre\SceneCommon</Filter>
    </ClInclude>
    <ClInclude Include="source\ogre\common\Gui_Popup.h">
      <Filter>Ogre\SceneCommon</Filter>
    </ClInclude>
    <ClInclude Include="source\network\masterclient.hpp">
      <Filter>Ogre\SceneCommon</Filter>
    </ClInclude>
    <ClInclude Include="source\network\networkcallbacks.hpp">
      <Filter>Ogre\SceneCommon</Filter>
    </ClInclude>
    <ClInclude Include="source\network\peerinfo.hpp">
      <Filter>Ogre\SceneCommon</Filter>
    </ClInclude>
    <ClInclude Include="source\network\protocol.hpp">
      <Filter>Ogre\SceneCommon</Filter>
    </ClInclude>
    <ClInclude Include="source\network\types.hpp">
      <Filter>Ogre\SceneCommon</Filter>
    </ClInclude>
    <ClInclude Include="source\ogre\common\waterrtt.h" />
    <ClInclude Include="source\ogre\common\defines.h" />
    <ClInclude Include="source\ogre\common\hwmouse.h" />
    <ClInclude Include="source\ogre\common\pch.h" />
    <ClInclude Include="source\ogre\common\qtimer.h" />
  </ItemGroup>
  <ItemGroup>
    <None Include="data\cars\cameras.xml">
      <Filter>VDrift\Set</Filter>
    </None>
    <None Include="C:\Documents and Settings\ryhu25\Application Data\stuntrally\game.cfg">
      <Filter>VDrift\Set</Filter>
    </None>
    <None Include="data\gui\core_language_en_tag.xml">
      <Filter>Ogre\Gui</Filter>
    </None>
    <None Include="data\gui\Options.layout">
      <Filter>Ogre\Gui</Filter>
    </None>
    <None Include="data\materials\car.material">
      <Filter>Ogre\materials</Filter>
    </None>
    <None Include="data\materials\car_old.material">
      <Filter>Ogre\materials</Filter>
    </None>
    <None Include="data\materials\general.cg">
      <Filter>Ogre\materials</Filter>
    </None>
    <None Include="data\materials\general.material">
      <Filter>Ogre\materials</Filter>
    </None>
    <None Include="data\materials\general.program">
      <Filter>Ogre\materials</Filter>
    </None>
    <None Include="data\materials\rnd.cg">
      <Filter>Ogre\materials</Filter>
    </None>
    <None Include="data\materials\rnd.material">
      <Filter>Ogre\materials</Filter>
    </None>
    <None Include="data\materials\road.material">
      <Filter>Ogre\materials</Filter>
    </None>
    <None Include="config\tracks.xml">
      <Filter>Ogre\SceneCommon</Filter>
    </None>
    <None Include="data\compositor\bloom\Bloom2.compositor">
      <Filter>Ogre\Gui\mat-eff\bloom</Filter>
    </None>
    <None Include="data\compositor\bloom\Bloom2.material">
      <Filter>Ogre\Gui\mat-eff\bloom</Filter>
    </None>
    <None Include="data\compositor\bloom\Bloom2_ps20.glsl">
      <Filter>Ogre\Gui\mat-eff\bloom</Filter>
    </None>
    <None Include="data\compositor\bloom\Blur_vs.glsl">
      <Filter>Ogre\Gui\mat-eff\bloom</Filter>
    </None>
    <None Include="data\compositor\bloom\BlurH_ps20.glsl">
      <Filter>Ogre\Gui\mat-eff\bloom</Filter>
    </None>
    <None Include="data\compositor\bloom\BlurV_ps20.glsl">
      <Filter>Ogre\Gui\mat-eff\bloom</Filter>
    </None>
    <None Include="data\compositor\bloom\BrightBloom2_ps20.glsl">
      <Filter>Ogre\Gui\mat-eff\bloom</Filter>
    </None>
    <None Include="data\compositor\hdr\hdr.cg">
      <Filter>Ogre\Gui\mat-eff\hdr</Filter>
    </None>
    <None Include="data\compositor\hdr\hdr.compositor">
      <Filter>Ogre\Gui\mat-eff\hdr</Filter>
    </None>
    <None Include="data\compositor\hdr\hdr.material">
      <Filter>Ogre\Gui\mat-eff\hdr</Filter>
    </None>
    <None Include="data\compositor\hdr\hdr_bloom.glsl">
      <Filter>Ogre\Gui\mat-eff\hdr</Filter>
    </None>
    <None Include="data\compositor\hdr\hdr_downscale2x2luminence.glsl">
      <Filter>Ogre\Gui\mat-eff\hdr</Filter>
    </None>
    <None Include="data\compositor\hdr\hdr_downscale3x3.glsl">
      <Filter>Ogre\Gui\mat-eff\hdr</Filter>
    </None>
    <None Include="data\compositor\hdr\hdr_downscale3x3brightpass.glsl">
      <Filter>Ogre\Gui\mat-eff\hdr</Filter>
    </None>
    <None Include="data\compositor\hdr\hdr_finalToneMapping.glsl">
      <Filter>Ogre\Gui\mat-eff\hdr</Filter>
    </None>
    <None Include="data\compositor\hdr\hdr_tonemap_util.glsl">
      <Filter>Ogre\Gui\mat-eff\hdr</Filter>
    </None>
    <None Include="data\compositor\motionblur\Combine_fp.cg">
      <Filter>Ogre\Gui\mat-eff\mot-blur</Filter>
    </None>
    <None Include="data\compositor\motionblur\MotionBlur.material">
      <Filter>Ogre\Gui\mat-eff\mot-blur</Filter>
    </None>
    <None Include="data\compositor\StdQuad_vp.cg">
      <Filter>Ogre\Gui\mat-eff\mot-blur</Filter>
    </None>
    <None Include="data\compositor\StdQuad_vp.glsl">
      <Filter>Ogre\Gui\mat-eff\mot-blur</Filter>
    </None>
    <None Include="data\compositor\StdQuad_vp.program">
      <Filter>Ogre\Gui\mat-eff\mot-blur</Filter>
    </None>
    <None Include="source\network\DesignDoc.txt">
      <Filter>Ogre\SceneCommon</Filter>
    </None>
  </ItemGroup>
  <ItemGroup>
    <FxCompile Include="data\compositor\bloom\Bloom2_ps20.hlsl">
      <Filter>Ogre\Gui\mat-eff\bloom</Filter>
    </FxCompile>
    <FxCompile Include="data\compositor\bloom\Blur_vs11.hlsl">
      <Filter>Ogre\Gui\mat-eff\bloom</Filter>
    </FxCompile>
    <FxCompile Include="data\compositor\bloom\BlurH_ps20.hlsl">
      <Filter>Ogre\Gui\mat-eff\bloom</Filter>
    </FxCompile>
    <FxCompile Include="data\compositor\bloom\BlurV_ps20.hlsl">
      <Filter>Ogre\Gui\mat-eff\bloom</Filter>
    </FxCompile>
    <FxCompile Include="data\compositor\bloom\BrightBloom2_ps20.hlsl">
      <Filter>Ogre\Gui\mat-eff\bloom</Filter>
    </FxCompile>
    <FxCompile Include="data\compositor\hdr\hdr.hlsl">
      <Filter>Ogre\Gui\mat-eff\hdr</Filter>
    </FxCompile>
    <FxCompile Include="data\compositor\hdr\hdrutils.hlsl">
      <Filter>Ogre\Gui\mat-eff\hdr</Filter>
    </FxCompile>
  </ItemGroup>
</Project>